
Microsoft Visual Studio Solution File, Format Version 12.00
# Visual Studio Version 17
VisualStudioVersion = 17.11.35327.3
MinimumVisualStudioVersion = 10.0.40219.1
Project("{2150E333-8FDC-42A3-9474-1A3956D46DE8}") = "Server", "Server", "{618B0417-1338-44C9-84F2-AAD74F4406BA}"
EndProject
Project("{FAE04EC0-301F-11D3-BF4B-00C04F79EFBC}") = "ServerApp", "Server\ServerApp\ServerApp.csproj", "{102E1810-0A3C-4220-B75B-9449DC84CE4A}"
EndProject
Project("{2150E333-8FDC-42A3-9474-1A3956D46DE8}") = "Client", "Client", "{544DE632-2265-497D-8D7B-33BB6AAB3404}"
EndProject
Project("{FAE04EC0-301F-11D3-BF4B-00C04F79EFBC}") = "ClientApp", "Client\ClientApp\ClientApp.csproj", "{52DA36A7-14FD-4EC4-8C75-501DE26CEA58}"
EndProject
Global
	GlobalSection(SolutionConfigurationPlatforms) = preSolution
		Debug|Any CPU = Debug|Any CPU
		Release|Any CPU = Release|Any CPU
	EndGlobalSection
	GlobalSection(ProjectConfigurationPlatforms) = postSolution
		{102E1810-0A3C-4220-B75B-9449DC84CE4A}.Debug|Any CPU.ActiveCfg = Debug|Any CPU
		{102E1810-0A3C-4220-B75B-9449DC84CE4A}.Debug|Any CPU.Build.0 = Debug|Any CPU
		{102E1810-0A3C-4220-B75B-9449DC84CE4A}.Release|Any CPU.ActiveCfg = Release|Any CPU
		{102E1810-0A3C-4220-B75B-9449DC84CE4A}.Release|Any CPU.Build.0 = Release|Any CPU
		{52DA36A7-14FD-4EC4-8C75-501DE26CEA58}.Debug|Any CPU.ActiveCfg = Debug|Any CPU
		{52DA36A7-14FD-4EC4-8C75-501DE26CEA58}.Debug|Any CPU.Build.0 = Debug|Any CPU
		{52DA36A7-14FD-4EC4-8C75-501DE26CEA58}.Release|Any CPU.ActiveCfg = Release|Any CPU
		{52DA36A7-14FD-4EC4-8C75-501DE26CEA58}.Release|Any CPU.Build.0 = Release|Any CPU
	EndGlobalSection
	GlobalSection(SolutionProperties) = preSolution
		HideSolutionNode = FALSE
	EndGlobalSection
	GlobalSection(ExtensibilityGlobals) = postSolution
		SolutionGuid = {1C2EE0E2-6F18-4563-B634-7EDE0DCD6520}
	EndGlobalSection
	GlobalSection(NestedProjects) = preSolution
		{102E1810-0A3C-4220-B75B-9449DC84CE4A} = {618B0417-1338-44C9-84F2-AAD74F4406BA}
		{52DA36A7-14FD-4EC4-8C75-501DE26CEA58} = {544DE632-2265-497D-8D7B-33BB6AAB3404}
	EndGlobalSection
EndGlobal
